{
  "name": "projeto-aula-02",
  "version": "1.0.0",
  "lockfileVersion": 3,
  "requires": true,
  "packages": {
    "": {
      "name": "projeto-aula-02",
      "version": "1.0.0",
      "license": "ISC",
      "dependencies": {
        "@codeea/scanner": "^1.0.3"
      },
      "devDependencies": {
        "typescript": "^5.9.2"
      }
    },
    "node_modules/@codeea/scanner": {
      "version": "1.0.3",
      "resolved": "https://registry.npmjs.org/@codeea/scanner/-/scanner-1.0.3.tgz",
      "integrity": "sha512-MTMAkhbuv9cdDMp2KPfCo+Z5l2eitEhekUmlHoSMqUGYVdNtG1ogbjtCauTHGwT+2KMM20zlflxEs/gaaLmehA==",
      "license": "MIT"
    },
    "node_modules/typescript": {
      "version": "5.9.2",
      "resolved": "https://registry.npmjs.org/typescript/-/typescript-5.9.2.tgz",
      "integrity": "sha512-CWBzXQrc/qOkhidw1OzBTQuYRbfyxDXJMVJ1XNwUHGROVmuaeiEm3OslpZ1RV96d7SKKjZKrSJu3+t/xlw3R9A==",
      "dev": true,
      "license": "Apache-2.0",
      "bin": {
        "tsc": "bin/tsc",
        "tsserver": "bin/tsserver"
      },
      "engines": {
        "node": ">=14.17"
      }
    }
  }
}
